
Microsoft Visual Studio Solution File, Format Version 12.00
# Visual Studio 14
VisualStudioVersion = 14.0.25420.1
MinimumVisualStudioVersion = 10.0.40219.1
Project("{FAE04EC0-301F-11D3-BF4B-00C04F79EFBC}") = "ContosoUniversity", "ContosoUniversity.csproj", "{DC8E2E05-ECC5-492D-816E-C5650C12B2A4}"
EndProject
Project("{FAE04EC0-301F-11D3-BF4B-00C04F79EFBC}") = "MvcMusicStore", "..\MvcMusicStore\MvcMusicStore.csproj", "{97CF2AFE-3CBD-4635-8589-65D3F92A9C22}"
EndProject
Project("{FAE04EC0-301F-11D3-BF4B-00C04F79EFBC}") = "ConsoleAPI", "..\ConsoleAPI\ConsoleAPI.csproj", "{DEA9ECB4-61C3-42BF-AB8C-7D28E1BDD0F8}"
EndProject
Global
	GlobalSection(SolutionConfigurationPlatforms) = preSolution
		Debug|Any CPU = Debug|Any CPU
		Release|Any CPU = Release|Any CPU
	EndGlobalSection
	GlobalSection(ProjectConfigurationPlatforms) = postSolution
		{DC8E2E05-ECC5-492D-816E-C5650C12B2A4}.Debug|Any CPU.ActiveCfg = Debug|Any CPU
		{DC8E2E05-ECC5-492D-816E-C5650C12B2A4}.Debug|Any CPU.Build.0 = Debug|Any CPU
		{DC8E2E05-ECC5-492D-816E-C5650C12B2A4}.Release|Any CPU.ActiveCfg = Release|Any CPU
		{DC8E2E05-ECC5-492D-816E-C5650C12B2A4}.Release|Any CPU.Build.0 = Release|Any CPU
		{97CF2AFE-3CBD-4635-8589-65D3F92A9C22}.Debug|Any CPU.ActiveCfg = Debug|Any CPU
		{97CF2AFE-3CBD-4635-8589-65D3F92A9C22}.Debug|Any CPU.Build.0 = Debug|Any CPU
		{97CF2AFE-3CBD-4635-8589-65D3F92A9C22}.Release|Any CPU.ActiveCfg = Release|Any CPU
		{97CF2AFE-3CBD-4635-8589-65D3F92A9C22}.Release|Any CPU.Build.0 = Release|Any CPU
		{DEA9ECB4-61C3-42BF-AB8C-7D28E1BDD0F8}.Debug|Any CPU.ActiveCfg = Debug|Any CPU
		{DEA9ECB4-61C3-42BF-AB8C-7D28E1BDD0F8}.Debug|Any CPU.Build.0 = Debug|Any CPU
		{DEA9ECB4-61C3-42BF-AB8C-7D28E1BDD0F8}.Release|Any CPU.ActiveCfg = Release|Any CPU
		{DEA9ECB4-61C3-42BF-AB8C-7D28E1BDD0F8}.Release|Any CPU.Build.0 = Release|Any CPU
	EndGlobalSection
	GlobalSection(SolutionProperties) = preSolution
		HideSolutionNode = FALSE
	EndGlobalSection
EndGlobal
